%{
  "certifi": {:hex, :certifi, "2.10.0", "a4ab316320bfca83bd0b57fd022d091555d42a30eefabb38063887158294773a", [:rebar3], [], "hexpm", "e87a9dd6e7fe9c5804887850d4cdbcd83db4da7a27f928174f11e4e06fb7902e"},
  "cowlib": {:hex, :cowlib, "2.12.1", "a9fa9a625f1d2025fe6b462cb865881329b5caff8f1854d1cbc9f9533f00e1e1", [:make, :rebar3], [], "hexpm", "163b73f6367a7341b33c794c4e88e7dbfe6498ac42dcd69ef44c5bc5507c8db0"},
  "eredis": {:hex, :eredis, "1.7.1", "39e31aa02adcd651c657f39aafd4d31a9b2f63c6c700dc9cece98d4bc3c897ab", [:mix, :rebar3], [], "hexpm", "7c2b54c566fed55feef3341ca79b0100a6348fd3f162184b7ed5118d258c3cc1"},
  "gun": {:hex, :gun, "2.0.1", "160a9a5394800fcba41bc7e6d421295cf9a7894c2252c0678244948e3336ad73", [:make, :rebar3], [{:cowlib, "2.12.1", [hex: :cowlib, repo: "hexpm", optional: false]}], "hexpm", "a10bc8d6096b9502205022334f719cc9a08d9adcfbfc0dbee9ef31b56274a20b"},
  "jsx": {:hex, :jsx, "3.1.0", "d12516baa0bb23a59bb35dccaf02a1bd08243fcbb9efe24f2d9d056ccff71268", [:rebar3], [], "hexpm", "0c5cc8fdc11b53cc25cf65ac6705ad39e54ecc56d1c22e4adb8f5a53fb9427f3"},
  "ldclient": {:hex, :launchdarkly_server_sdk, "3.0.0", "3d7040c0d4b81fb8ce490c439d9cdb66b9cc33732f512277ddfa6c2b21d5fba6", [:rebar3], [{:certifi, "2.10.0", [hex: :certifi, repo: "hexpm", optional: false]}, {:eredis, "1.7.1", [hex: :eredis, repo: "hexpm", optional: false]}, {:jsx, "3.1.0", [hex: :jsx, repo: "hexpm", optional: false]}, {:lru, "2.4.0", [hex: :lru, repo: "hexpm", optional: false]}, {:shotgun, "1.0.1", [hex: :shotgun, repo: "hexpm", optional: false]}, {:uuid, "~>2.0.2", [hex: :uuid_erl, repo: "hexpm", optional: false]}, {:verl, "1.0.1", [hex: :verl, repo: "hexpm", optional: false]}, {:yamerl, "0.10.0", [hex: :yamerl, repo: "hexpm", optional: false]}], "hexpm", "19f25eede67549a5f364f2d11a96e5954c8a7d51bfd2403db3ebb40295ff8a72"},
  "lru": {:hex, :lru, "2.4.0", "a8f9967ca9b6f260baa19e2efb2aeb3853a3f5bd5f8416f537a672294b38c1bc", [:rebar3], [], "hexpm", "4fcf77e882b5e57eca068999acba4386a20dbce8e446c98c6a0f8fb3d170afeb"},
  "quickrand": {:hex, :quickrand, "2.0.6", "37e49398d614534f2861633f8e1155828676df31ed90872616e4a526e6b9cf38", [:rebar3], [], "hexpm", "86a03c7fc96b9c6b9fa6bef5fceb773e359c772ee3814be60b8eb44b54f99140"},
  "shotgun": {:hex, :shotgun, "1.0.1", "824fe88f1388188b52363da5eb9add0bb1eb159081eb1d82797f763b87bdf286", [:rebar3], [{:gun, "2.0.1", [hex: :gun, repo: "hexpm", optional: false]}], "hexpm", "b7f17ab930ee999ed05b3de15a07bf6a784ce28a967675c30d9791216ea20944"},
  "uuid": {:hex, :uuid_erl, "2.0.6", "8767aae0d93a0efd062b5b30bb21188e121721c683200e164445065c08c2100a", [:rebar3], [{:quickrand, ">= 2.0.6", [hex: :quickrand, repo: "hexpm", optional: false]}], "hexpm", "1d54d5de4cc66317d882f62347a21655601e84ccce913e80aade202cdb3a8c65"},
  "verl": {:hex, :verl, "1.0.1", "1c29fa29ce071820318d04f42850d23b6e0c8b1d6ca513b1b66312240d0690e1", [:rebar3], [], "hexpm", "f1939291d6b04ed7c20b4cf83cb0ebfc9141f692bb6fb51970429dfd145fec9d"},
  "yamerl": {:hex, :yamerl, "0.10.0", "4ff81fee2f1f6a46f1700c0d880b24d193ddb74bd14ef42cb0bcf46e81ef2f8e", [:rebar3], [], "hexpm", "346adb2963f1051dc837a2364e4acf6eb7d80097c0f53cbdc3046ec8ec4b4e6e"},
}
