%{
  "backoff": {:hex, :backoff, "1.1.6", "83b72ed2108ba1ee8f7d1c22e0b4a00cfe3593a67dbc792799e8cce9f42f796b", [:rebar3], [], "hexpm", "cf0cfff8995fb20562f822e5cc47d8ccf664c5ecdc26a684cbe85c225f9d7c39"},
  "cowlib": {:hex, :cowlib, "2.6.0", "8aa629f81a0fc189f261dc98a42243fa842625feea3c7ec56c48f4ccdb55490f", [:rebar3], [], "hexpm", "45a1a08e05e4c66f2af665295955e337d52c2d33b1f1cf24d353cadeddf34992"},
  "eld": {:hex, :eld, "1.0.0-beta1", "ae635b6fa55aaf343930ecd297718bf8a527effb69e6cb74e1e93136ff60ba37", [:rebar3], [{:backoff, "1.1.6", [hex: :backoff, repo: "hexpm", optional: false]}, {:jsx, "2.9.0", [hex: :jsx, repo: "hexpm", optional: false]}, {:lru, "1.3.1", [hex: :lru, repo: "hexpm", optional: false]}, {:shotgun, "0.4.0", [hex: :shotgun, repo: "hexpm", optional: false]}, {:uuid, "~>1.8.0", [hex: :uuid_erl, repo: "hexpm", optional: false]}, {:verl, "1.0.1", [hex: :verl, repo: "hexpm", optional: false]}], "hexpm", "8773f45e7c85b53e7ab4fea230096ea60a7dcbd5ffcfe3ff7244fa1619d15028"},
  "gun": {:hex, :gun, "1.3.1", "1489fd96018431b89f401041a9ce0b02b45265247f0fdcf71273bf087c64ea4f", [:rebar3], [{:cowlib, "~> 2.6.0", [hex: :cowlib, repo: "hexpm", optional: false]}], "hexpm", "f4d25a6946e34fe5d4d698db32b0f2a9bbb1e9fd75d23a0ffadbad373c48451f"},
  "jsx": {:hex, :jsx, "2.9.0", "d2f6e5f069c00266cad52fb15d87c428579ea4d7d73a33669e12679e203329dd", [:mix, :rebar3], [], "hexpm", "8ee1db1cabafdd578a2776a6aaae87c2a8ce54b47b59e9ec7dab5d7eb71cd8dc"},
  "lru": {:hex, :lru, "1.3.1", "5e1408df9effef6e719fa66ddcaecb3c816a5c167c6e95438fe5a24b9251f380", [:rebar3], [], "hexpm", "cd6ac15c383d58cd2933df9cb918617b24b12b6e5fb24d94c4c8f200fd93f619"},
  "quickrand": {:hex, :quickrand, "1.8.0", "e47ce597ff067385ff5836c8c7706ac7f8aa7b47dd90c6417e05b64696f872fa", [:rebar3], [], "hexpm", "7ffadcf851fb4d1f7bc2952e955623be63f9c4a6b965fd207cc558d5aedbb6f9"},
  "shotgun": {:hex, :shotgun, "0.4.0", "d9931b5f78c79169984c22f573032ccafe03898c611df360c0cc9d3756517746", [:rebar], [{:gun, "1.3.1", [hex: :gun, repo: "hexpm", optional: false]}], "hexpm", "4857bb2b090ba1c5e572f707b4feb7b41b37d5d512707e4b50a3dd8f05dcc1d7"},
  "uuid": {:hex, :uuid_erl, "1.8.0", "280014f8ff57fce36ee6e91c3ecf21cbfce78aae9854c09597bb4c11e27b66d6", [:rebar3], [{:quickrand, "~> 1.8.0", [hex: :quickrand, repo: "hexpm", optional: false]}], "hexpm", "08a59b19a93f0f319b7609516dce33d2366fa24429ef097d107b7d6998d7e9cc"},
  "verl": {:hex, :verl, "1.0.1", "1c29fa29ce071820318d04f42850d23b6e0c8b1d6ca513b1b66312240d0690e1", [:rebar3], [], "hexpm", "f1939291d6b04ed7c20b4cf83cb0ebfc9141f692bb6fb51970429dfd145fec9d"},
}
